
Microsoft Visual Studio Solution File, Format Version 12.00
# Visual Studio 15
Project("{FAE04EC0-301F-11D3-BF4B-00C04F79EFBC}") = "ProjectsInfo", "ProjectsInfo\ProjectsInfo.csproj", "{4E906730-A7D4-4B3A-9CDB-762731319B5B}"
EndProject
Global
	GlobalSection(SolutionConfigurationPlatforms) = preSolution
		Debug|Any CPU = Debug|Any CPU
		Release|Any CPU = Release|Any CPU
	EndGlobalSection
	GlobalSection(ProjectConfigurationPlatforms) = postSolution
		{4E906730-A7D4-4B3A-9CDB-762731319B5B}.Debug|Any CPU.ActiveCfg = Debug|Any CPU
		{4E906730-A7D4-4B3A-9CDB-762731319B5B}.Debug|Any CPU.Build.0 = Debug|Any CPU
		{4E906730-A7D4-4B3A-9CDB-762731319B5B}.Release|Any CPU.ActiveCfg = Release|Any CPU
		{4E906730-A7D4-4B3A-9CDB-762731319B5B}.Release|Any CPU.Build.0 = Release|Any CPU
	EndGlobalSection
EndGlobal
